
Microsoft Visual Studio Solution File, Format Version 12.00
# Visual Studio Version 16
VisualStudioVersion = 16.0.31515.178
MinimumVisualStudioVersion = 10.0.40219.1
Project("{FAE04EC0-301F-11D3-BF4B-00C04F79EFBC}") = "EFCore-DBFirst-StoredProcedureDemo", "EFCore-DBFirst-StoredProcedureDemo\EFCore-DBFirst-StoredProcedureDemo.csproj", "{AF72D318-2D61-4C5F-80BC-3E6638E94412}"
EndProject
Global
	GlobalSection(SolutionConfigurationPlatforms) = preSolution
		Debug|Any CPU = Debug|Any CPU
		Release|Any CPU = Release|Any CPU
	EndGlobalSection
	GlobalSection(ProjectConfigurationPlatforms) = postSolution
		{AF72D318-2D61-4C5F-80BC-3E6638E94412}.Debug|Any CPU.ActiveCfg = Debug|Any CPU
		{AF72D318-2D61-4C5F-80BC-3E6638E94412}.Debug|Any CPU.Build.0 = Debug|Any CPU
		{AF72D318-2D61-4C5F-80BC-3E6638E94412}.Release|Any CPU.ActiveCfg = Release|Any CPU
		{AF72D318-2D61-4C5F-80BC-3E6638E94412}.Release|Any CPU.Build.0 = Release|Any CPU
	EndGlobalSection
	GlobalSection(SolutionProperties) = preSolution
		HideSolutionNode = FALSE
	EndGlobalSection
	GlobalSection(ExtensibilityGlobals) = postSolution
		SolutionGuid = {65C2D7C8-F905-4ABB-840C-5C5ADD841C37}
	EndGlobalSection
EndGlobal
